// !$*UTF8*$!
{
	archiveVersion = 1;
	classes = {
	};
	objectVersion = 46;
	objects = {

/* Begin PBXBuildFile section */
		3357CED71C2654D900C577EE /* PictureGridViewController.swift in Sources */ = {isa = PBXBuildFile; fileRef = 3357CED61C2654D900C577EE /* PictureGridViewController.swift */; };
		3357CED91C265B1400C577EE /* PinCollectionViewCell.swift in Sources */ = {isa = PBXBuildFile; fileRef = 3357CED81C265B1400C577EE /* PinCollectionViewCell.swift */; };
		3357CEDB1C2705FC00C577EE /* Pins.swift in Sources */ = {isa = PBXBuildFile; fileRef = 3357CEDA1C2705FC00C577EE /* Pins.swift */; };
		3357CEDD1C28FA7000C577EE /* Utils.swift in Sources */ = {isa = PBXBuildFile; fileRef = 3357CEDC1C28FA7000C577EE /* Utils.swift */; };
		3392039A1C13C98B0023D4C9 /* AppDelegate.swift in Sources */ = {isa = PBXBuildFile; fileRef = 339203991C13C98B0023D4C9 /* AppDelegate.swift */; };
		3392039C1C13C98B0023D4C9 /* ViewController.swift in Sources */ = {isa = PBXBuildFile; fileRef = 3392039B1C13C98B0023D4C9 /* ViewController.swift */; };
		3392039F1C13C98B0023D4C9 /* Main.storyboard in Resources */ = {isa = PBXBuildFile; fileRef = 3392039D1C13C98B0023D4C9 /* Main.storyboard */; };
		339203A21C13C98B0023D4C9 /* Virtual_Tourist.xcdatamodeld in Sources */ = {isa = PBXBuildFile; fileRef = 339203A01C13C98B0023D4C9 /* Virtual_Tourist.xcdatamodeld */; };
		339203A41C13C98B0023D4C9 /* Assets.xcassets in Resources */ = {isa = PBXBuildFile; fileRef = 339203A31C13C98B0023D4C9 /* Assets.xcassets */; };
		339203A71C13C98B0023D4C9 /* LaunchScreen.storyboard in Resources */ = {isa = PBXBuildFile; fileRef = 339203A51C13C98B0023D4C9 /* LaunchScreen.storyboard */; };
		3394F3AC1C13E4E70019ABA7 /* Photo.swift in Sources */ = {isa = PBXBuildFile; fileRef = 3394F3AB1C13E4E70019ABA7 /* Photo.swift */; };
		3394F3AE1C13E5BB0019ABA7 /* CoreDataStackManager.swift in Sources */ = {isa = PBXBuildFile; fileRef = 3394F3AD1C13E5BB0019ABA7 /* CoreDataStackManager.swift */; };
		3394F3B11C13E8D50019ABA7 /* imageCache.swift in Sources */ = {isa = PBXBuildFile; fileRef = 3394F3B01C13E8D50019ABA7 /* imageCache.swift */; };
		3394F3B31C1517AE0019ABA7 /* VTConstants.swift in Sources */ = {isa = PBXBuildFile; fileRef = 3394F3B21C1517AE0019ABA7 /* VTConstants.swift */; };
		3394F3B61C1519ED0019ABA7 /* Dialog.swift in Sources */ = {isa = PBXBuildFile; fileRef = 3394F3B51C1519ED0019ABA7 /* Dialog.swift */; };
		3394F3B81C151AAF0019ABA7 /* ActivityIndicatorView.swift in Sources */ = {isa = PBXBuildFile; fileRef = 3394F3B71C151AAF0019ABA7 /* ActivityIndicatorView.swift */; };
		33A608AA1C166E6300A7D744 /* Pin.swift in Sources */ = {isa = PBXBuildFile; fileRef = 33A608A91C166E6300A7D744 /* Pin.swift */; };
/* End PBXBuildFile section */

/* Begin PBXFileReference section */
		3357CED61C2654D900C577EE /* PictureGridViewController.swift */ = {isa = PBXFileReference; fileEncoding = 4; lastKnownFileType = sourcecode.swift; path = PictureGridViewController.swift; sourceTree = "<group>"; };
		3357CED81C265B1400C577EE /* PinCollectionViewCell.swift */ = {isa = PBXFileReference; fileEncoding = 4; lastKnownFileType = sourcecode.swift; path = PinCollectionViewCell.swift; sourceTree = "<group>"; };
		3357CEDA1C2705FC00C577EE /* Pins.swift */ = {isa = PBXFileReference; fileEncoding = 4; lastKnownFileType = sourcecode.swift; path = Pins.swift; sourceTree = "<group>"; };
		3357CEDC1C28FA7000C577EE /* Utils.swift */ = {isa = PBXFileReference; fileEncoding = 4; lastKnownFileType = sourcecode.swift; path = Utils.swift; sourceTree = "<group>"; };
		339203961C13C98B0023D4C9 /* Virtual Tourist.app */ = {isa = PBXFileReference; explicitFileType = wrapper.application; includeInIndex = 0; path = "Virtual Tourist.app"; sourceTree = BUILT_PRODUCTS_DIR; };
		339203991C13C98B0023D4C9 /* AppDelegate.swift */ = {isa = PBXFileReference; lastKnownFileType = sourcecode.swift; path = AppDelegate.swift; sourceTree = "<group>"; };
		3392039B1C13C98B0023D4C9 /* ViewController.swift */ = {isa = PBXFileReference; lastKnownFileType = sourcecode.swift; path = ViewController.swift; sourceTree = "<group>"; };
		3392039E1C13C98B0023D4C9 /* Base */ = {isa = PBXFileReference; lastKnownFileType = file.storyboard; name = Base; path = Base.lproj/Main.storyboard; sourceTree = "<group>"; };
		339203A11C13C98B0023D4C9 /* Virtual_Tourist.xcdatamodel */ = {isa = PBXFileReference; lastKnownFileType = wrapper.xcdatamodel; path = Virtual_Tourist.xcdatamodel; sourceTree = "<group>"; };
		339203A31C13C98B0023D4C9 /* Assets.xcassets */ = {isa = PBXFileReference; lastKnownFileType = folder.assetcatalog; path = Assets.xcassets; sourceTree = "<group>"; };
		339203A61C13C98B0023D4C9 /* Base */ = {isa = PBXFileReference; lastKnownFileType = file.storyboard; name = Base; path = Base.lproj/LaunchScreen.storyboard; sourceTree = "<group>"; };
		339203A81C13C98B0023D4C9 /* Info.plist */ = {isa = PBXFileReference; lastKnownFileType = text.plist.xml; path = Info.plist; sourceTree = "<group>"; };
		3394F3AB1C13E4E70019ABA7 /* Photo.swift */ = {isa = PBXFileReference; fileEncoding = 4; lastKnownFileType = sourcecode.swift; path = Photo.swift; sourceTree = "<group>"; };
		3394F3AD1C13E5BB0019ABA7 /* CoreDataStackManager.swift */ = {isa = PBXFileReference; fileEncoding = 4; lastKnownFileType = sourcecode.swift; path = CoreDataStackManager.swift; sourceTree = "<group>"; };
		3394F3B01C13E8D50019ABA7 /* imageCache.swift */ = {isa = PBXFileReference; fileEncoding = 4; lastKnownFileType = sourcecode.swift; path = imageCache.swift; sourceTree = "<group>"; };
		3394F3B21C1517AE0019ABA7 /* VTConstants.swift */ = {isa = PBXFileReference; fileEncoding = 4; lastKnownFileType = sourcecode.swift; path = VTConstants.swift; sourceTree = "<group>"; };
		3394F3B51C1519ED0019ABA7 /* Dialog.swift */ = {isa = PBXFileReference; fileEncoding = 4; lastKnownFileType = sourcecode.swift; path = Dialog.swift; sourceTree = "<group>"; };
		3394F3B71C151AAF0019ABA7 /* ActivityIndicatorView.swift */ = {isa = PBXFileReference; fileEncoding = 4; lastKnownFileType = sourcecode.swift; path = ActivityIndicatorView.swift; sourceTree = "<group>"; };
		33A608A91C166E6300A7D744 /* Pin.swift */ = {isa = PBXFileReference; fileEncoding = 4; lastKnownFileType = sourcecode.swift; path = Pin.swift; sourceTree = "<group>"; };
/* End PBXFileReference section */

/* Begin PBXFrameworksBuildPhase section */
		339203931C13C98B0023D4C9 /* Frameworks */ = {
			isa = PBXFrameworksBuildPhase;
			buildActionMask = 2147483647;
			files = (
			);
			runOnlyForDeploymentPostprocessing = 0;
		};
/* End PBXFrameworksBuildPhase section */

/* Begin PBXGroup section */
		3392038D1C13C98B0023D4C9 = {
			isa = PBXGroup;
			children = (
				339203981C13C98B0023D4C9 /* Virtual Tourist */,
				339203971C13C98B0023D4C9 /* Products */,
			);
			sourceTree = "<group>";
		};
		339203971C13C98B0023D4C9 /* Products */ = {
			isa = PBXGroup;
			children = (
				339203961C13C98B0023D4C9 /* Virtual Tourist.app */,
			);
			name = Products;
			sourceTree = "<group>";
		};
		339203981C13C98B0023D4C9 /* Virtual Tourist */ = {
			isa = PBXGroup;
			children = (
				3394F3AF1C13E8C20019ABA7 /* utils */,
				3394F3A91C13D89F0019ABA7 /* domain */,
				339203991C13C98B0023D4C9 /* AppDelegate.swift */,
				3392039B1C13C98B0023D4C9 /* ViewController.swift */,
				3392039D1C13C98B0023D4C9 /* Main.storyboard */,
				339203A31C13C98B0023D4C9 /* Assets.xcassets */,
				339203A51C13C98B0023D4C9 /* LaunchScreen.storyboard */,
				339203A81C13C98B0023D4C9 /* Info.plist */,
				339203A01C13C98B0023D4C9 /* Virtual_Tourist.xcdatamodeld */,
				3394F3AD1C13E5BB0019ABA7 /* CoreDataStackManager.swift */,
				3357CED61C2654D900C577EE /* PictureGridViewController.swift */,
			);
			path = "Virtual Tourist";
			sourceTree = "<group>";
		};
		3394F3A91C13D89F0019ABA7 /* domain */ = {
			isa = PBXGroup;
			children = (
				3394F3AB1C13E4E70019ABA7 /* Photo.swift */,
				33A608A91C166E6300A7D744 /* Pin.swift */,
				3357CED81C265B1400C577EE /* PinCollectionViewCell.swift */,
				3357CEDA1C2705FC00C577EE /* Pins.swift */,
			);
			name = domain;
			sourceTree = "<group>";
		};
		3394F3AF1C13E8C20019ABA7 /* utils */ = {
			isa = PBXGroup;
			children = (
				3394F3B01C13E8D50019ABA7 /* imageCache.swift */,
				3394F3B21C1517AE0019ABA7 /* VTConstants.swift */,
				3394F3B51C1519ED0019ABA7 /* Dialog.swift */,
				3394F3B71C151AAF0019ABA7 /* ActivityIndicatorView.swift */,
				3357CEDC1C28FA7000C577EE /* Utils.swift */,
			);
			name = utils;
			sourceTree = "<group>";
		};
/* End PBXGroup section */

/* Begin PBXNativeTarget section */
		339203951C13C98B0023D4C9 /* Virtual Tourist */ = {
			isa = PBXNativeTarget;
			buildConfigurationList = 339203AB1C13C98B0023D4C9 /* Build configuration list for PBXNativeTarget "Virtual Tourist" */;
			buildPhases = (
				339203921C13C98B0023D4C9 /* Sources */,
				339203931C13C98B0023D4C9 /* Frameworks */,
				339203941C13C98B0023D4C9 /* Resources */,
			);
			buildRules = (
			);
			dependencies = (
			);
			name = "Virtual Tourist";
			productName = "Virtual Tourist";
			productReference = 339203961C13C98B0023D4C9 /* Virtual Tourist.app */;
			productType = "com.apple.product-type.application";
		};
/* End PBXNativeTarget section */

/* Begin PBXProject section */
		3392038E1C13C98B0023D4C9 /* Project object */ = {
			isa = PBXProject;
			attributes = {
				LastSwiftUpdateCheck = 0710;
				LastUpgradeCheck = 0710;
				ORGANIZATIONNAME = "Klaus Villaca";
				TargetAttributes = {
					339203951C13C98B0023D4C9 = {
						CreatedOnToolsVersion = 7.1.1;
					};
				};
			};
			buildConfigurationList = 339203911C13C98B0023D4C9 /* Build configuration list for PBXProject "Virtual Tourist" */;
			compatibilityVersion = "Xcode 3.2";
			developmentRegion = English;
			hasScannedForEncodings = 0;
			knownRegions = (
				en,
				Base,
			);
			mainGroup = 3392038D1C13C98B0023D4C9;
			productRefGroup = 339203971C13C98B0023D4C9 /* Products */;
			projectDirPath = "";
			projectRoot = "";
			targets = (
				339203951C13C98B0023D4C9 /* Virtual Tourist */,
			);
		};
/* End PBXProject section */

/* Begin PBXResourcesBuildPhase section */
		339203941C13C98B0023D4C9 /* Resources */ = {
			isa = PBXResourcesBuildPhase;
			buildActionMask = 2147483647;
			files = (
				339203A71C13C98B0023D4C9 /* LaunchScreen.storyboard in Resources */,
				339203A41C13C98B0023D4C9 /* Assets.xcassets in Resources */,
				3392039F1C13C98B0023D4C9 /* Main.storyboard in Resources */,
			);
			runOnlyForDeploymentPostprocessing = 0;
		};
/* End PBXResourcesBuildPhase section */

/* Begin PBXSourcesBuildPhase section */
		339203921C13C98B0023D4C9 /* Sources */ = {
			isa = PBXSourcesBuildPhase;
			buildActionMask = 2147483647;
			files = (
				3394F3AC1C13E4E70019ABA7 /* Photo.swift in Sources */,
				3392039C1C13C98B0023D4C9 /* ViewController.swift in Sources */,
				3394F3B31C1517AE0019ABA7 /* VTConstants.swift in Sources */,
				3357CEDD1C28FA7000C577EE /* Utils.swift in Sources */,
				339203A21C13C98B0023D4C9 /* Virtual_Tourist.xcdatamodeld in Sources */,
				3394F3AE1C13E5BB0019ABA7 /* CoreDataStackManager.swift in Sources */,
				33A608AA1C166E6300A7D744 /* Pin.swift in Sources */,
				3394F3B11C13E8D50019ABA7 /* imageCache.swift in Sources */,
				3394F3B81C151AAF0019ABA7 /* ActivityIndicatorView.swift in Sources */,
				3357CED91C265B1400C577EE /* PinCollectionViewCell.swift in Sources */,
				3392039A1C13C98B0023D4C9 /* AppDelegate.swift in Sources */,
				3394F3B61C1519ED0019ABA7 /* Dialog.swift in Sources */,
				3357CEDB1C2705FC00C577EE /* Pins.swift in Sources */,
				3357CED71C2654D900C577EE /* PictureGridViewController.swift in Sources */,
			);
			runOnlyForDeploymentPostprocessing = 0;
		};
/* End PBXSourcesBuildPhase section */

/* Begin PBXVariantGroup section */
		3392039D1C13C98B0023D4C9 /* Main.storyboard */ = {
			isa = PBXVariantGroup;
			children = (
				3392039E1C13C98B0023D4C9 /* Base */,
			);
			name = Main.storyboard;
			sourceTree = "<group>";
		};
		339203A51C13C98B0023D4C9 /* LaunchScreen.storyboard */ = {
			isa = PBXVariantGroup;
			children = (
				339203A61C13C98B0023D4C9 /* Base */,
			);
			name = LaunchScreen.storyboard;
			sourceTree = "<group>";
		};
/* End PBXVariantGroup section */

/* Begin XCBuildConfiguration section */
		339203A91C13C98B0023D4C9 /* Debug */ = {
			isa = XCBuildConfiguration;
			buildSettings = {
				ALWAYS_SEARCH_USER_PATHS = NO;
				CLANG_CXX_LANGUAGE_STANDARD = "gnu++0x";
				CLANG_CXX_LIBRARY = "libc++";
				CLANG_ENABLE_MODULES = YES;
				CLANG_ENABLE_OBJC_ARC = YES;
				CLANG_WARN_BOOL_CONVERSION = YES;
				CLANG_WARN_CONSTANT_CONVERSION = YES;
				CLANG_WARN_DIRECT_OBJC_ISA_USAGE = YES_ERROR;
				CLANG_WARN_EMPTY_BODY = YES;
				CLANG_WARN_ENUM_CONVERSION = YES;
				CLANG_WARN_INT_CONVERSION = YES;
				CLANG_WARN_OBJC_ROOT_CLASS = YES_ERROR;
				CLANG_WARN_UNREACHABLE_CODE = YES;
				CLANG_WARN__DUPLICATE_METHOD_MATCH = YES;
				"CODE_SIGN_IDENTITY[sdk=iphoneos*]" = "iPhone Developer";
				COPY_PHASE_STRIP = NO;
				DEBUG_INFORMATION_FORMAT = dwarf;
				ENABLE_STRICT_OBJC_MSGSEND = YES;
				ENABLE_TESTABILITY = YES;
				GCC_C_LANGUAGE_STANDARD = gnu99;
				GCC_DYNAMIC_NO_PIC = NO;
				GCC_NO_COMMON_BLOCKS = YES;
				GCC_OPTIMIZATION_LEVEL = 0;
				GCC_PREPROCESSOR_DEFINITIONS = (
					"DEBUG=1",
					"$(inherited)",
				);
				GCC_WARN_64_TO_32_BIT_CONVERSION = YES;
				GCC_WARN_ABOUT_RETURN_TYPE = YES_ERROR;
				GCC_WARN_UNDECLARED_SELECTOR = YES;
				GCC_WARN_UNINITIALIZED_AUTOS = YES_AGGRESSIVE;
				GCC_WARN_UNUSED_FUNCTION = YES;
				GCC_WARN_UNUSED_VARIABLE = YES;
				IPHONEOS_DEPLOYMENT_TARGET = 9.1;
				MTL_ENABLE_DEBUG_INFO = YES;
				ONLY_ACTIVE_ARCH = YES;
				SDKROOT = iphoneos;
				SWIFT_OPTIMIZATION_LEVEL = "-Onone";
			};
			name = Debug;
		};
		339203AA1C13C98B0023D4C9 /* Release */ = {
			isa = XCBuildConfiguration;
			buildSettings = {
				ALWAYS_SEARCH_USER_PATHS = NO;
				CLANG_CXX_LANGUAGE_STANDARD = "gnu++0x";
				CLANG_CXX_LIBRARY = "libc++";
				CLANG_ENABLE_MODULES = YES;
				CLANG_ENABLE_OBJC_ARC = YES;
				CLANG_WARN_BOOL_CONVERSION = YES;
				CLANG_WARN_CONSTANT_CONVERSION = YES;
				CLANG_WARN_DIRECT_OBJC_ISA_USAGE = YES_ERROR;
				CLANG_WARN_EMPTY_BODY = YES;
				CLANG_WARN_ENUM_CONVERSION = YES;
				CLANG_WARN_INT_CONVERSION = YES;
				CLANG_WARN_OBJC_ROOT_CLASS = YES_ERROR;
				CLANG_WARN_UNREACHABLE_CODE = YES;
				CLANG_WARN__DUPLICATE_METHOD_MATCH = YES;
				"CODE_SIGN_IDENTITY[sdk=iphoneos*]" = "iPhone Developer";
				COPY_PHASE_STRIP = NO;
				DEBUG_INFORMATION_FORMAT = "dwarf-with-dsym";
				ENABLE_NS_ASSERTIONS = NO;
				ENABLE_STRICT_OBJC_MSGSEND = YES;
				GCC_C_LANGUAGE_STANDARD = gnu99;
				GCC_NO_COMMON_BLOCKS = YES;
				GCC_WARN_64_TO_32_BIT_CONVERSION = YES;
				GCC_WARN_ABOUT_RETURN_TYPE = YES_ERROR;
				GCC_WARN_UNDECLARED_SELECTOR = YES;
				GCC_WARN_UNINITIALIZED_AUTOS = YES_AGGRESSIVE;
				GCC_WARN_UNUSED_FUNCTION = YES;
				GCC_WARN_UNUSED_VARIABLE = YES;
				IPHONEOS_DEPLOYMENT_TARGET = 9.1;
				MTL_ENABLE_DEBUG_INFO = NO;
				SDKROOT = iphoneos;
				VALIDATE_PRODUCT = YES;
			};
			name = Release;
		};
		339203AC1C13C98B0023D4C9 /* Debug */ = {
			isa = XCBuildConfiguration;
			buildSettings = {
				ASSETCATALOG_COMPILER_APPICON_NAME = AppIcon;
				INFOPLIST_FILE = "Virtual Tourist/Info.plist";
				LD_RUNPATH_SEARCH_PATHS = "$(inherited) @executable_path/Frameworks";
				PRODUCT_BUNDLE_IDENTIFIER = "com.nanodegree.udacity.Virtual-Tourist";
				PRODUCT_NAME = "$(TARGET_NAME)";
			};
			name = Debug;
		};
		339203AD1C13C98B0023D4C9 /* Release */ = {
			isa = XCBuildConfiguration;
			buildSettings = {
				ASSETCATALOG_COMPILER_APPICON_NAME = AppIcon;
				INFOPLIST_FILE = "Virtual Tourist/Info.plist";
				LD_RUNPATH_SEARCH_PATHS = "$(inherited) @executable_path/Frameworks";
				PRODUCT_BUNDLE_IDENTIFIER = "com.nanodegree.udacity.Virtual-Tourist";
				PRODUCT_NAME = "$(TARGET_NAME)";
			};
			name = Release;
		};
/* End XCBuildConfiguration section */

/* Begin XCConfigurationList section */
		339203911C13C98B0023D4C9 /* Build configuration list for PBXProject "Virtual Tourist" */ = {
			isa = XCConfigurationList;
			buildConfigurations = (
				339203A91C13C98B0023D4C9 /* Debug */,
				339203AA1C13C98B0023D4C9 /* Release */,
			);
			defaultConfigurationIsVisible = 0;
			defaultConfigurationName = Release;
		};
		339203AB1C13C98B0023D4C9 /* Build configuration list for PBXNativeTarget "Virtual Tourist" */ = {
			isa = XCConfigurationList;
			buildConfigurations = (
				339203AC1C13C98B0023D4C9 /* Debug */,
				339203AD1C13C98B0023D4C9 /* Release */,
			);
			defaultConfigurationIsVisible = 0;
			defaultConfigurationName = Release;
		};
/* End XCConfigurationList section */

/* Begin XCVersionGroup section */
		339203A01C13C98B0023D4C9 /* Virtual_Tourist.xcdatamodeld */ = {
			isa = XCVersionGroup;
			children = (
				339203A11C13C98B0023D4C9 /* Virtual_Tourist.xcdatamodel */,
			);
			currentVersion = 339203A11C13C98B0023D4C9 /* Virtual_Tourist.xcdatamodel */;
			path = Virtual_Tourist.xcdatamodeld;
			sourceTree = "<group>";
			versionGroupType = wrapper.xcdatamodel;
		};
/* End XCVersionGroup section */
	};
	rootObject = 3392038E1C13C98B0023D4C9 /* Project object */;
}
